
Microsoft Visual Studio Solution File, Format Version 12.00
# Visual Studio Version 17
VisualStudioVersion = 17.3.32929.385
MinimumVisualStudioVersion = 10.0.40219.1
Project("{FAE04EC0-301F-11D3-BF4B-00C04F79EFBC}") = "gestor-cestas-api", "gestor-cestas-api\gestor-cestas-api.csproj", "{DB8B004A-07C1-485F-B51B-7E7E19C72D3A}"
EndProject
Global
	GlobalSection(SolutionConfigurationPlatforms) = preSolution
		Debug|Any CPU = Debug|Any CPU
		Release|Any CPU = Release|Any CPU
	EndGlobalSection
	GlobalSection(ProjectConfigurationPlatforms) = postSolution
		{DB8B004A-07C1-485F-B51B-7E7E19C72D3A}.Debug|Any CPU.ActiveCfg = Debug|Any CPU
		{DB8B004A-07C1-485F-B51B-7E7E19C72D3A}.Debug|Any CPU.Build.0 = Debug|Any CPU
		{DB8B004A-07C1-485F-B51B-7E7E19C72D3A}.Release|Any CPU.ActiveCfg = Release|Any CPU
		{DB8B004A-07C1-485F-B51B-7E7E19C72D3A}.Release|Any CPU.Build.0 = Release|Any CPU
	EndGlobalSection
	GlobalSection(SolutionProperties) = preSolution
		HideSolutionNode = FALSE
	EndGlobalSection
	GlobalSection(ExtensibilityGlobals) = postSolution
		SolutionGuid = {ABC6033D-4C23-4E6A-A804-7C99F46B2701}
	EndGlobalSection
EndGlobal
